# THIS IS AN AUTOGENERATED FILE. DO NOT EDIT THIS FILE DIRECTLY.
# yarn lockfile v1


"@anon-aadhaar/contracts@^2.4.3":
  version "2.4.3"
  resolved "https://registry.yarnpkg.com/@anon-aadhaar/contracts/-/contracts-2.4.3.tgz#be0ecb323bd2fd24b1f422af0c409ca198ea1a85"
  integrity sha512-j5xyPEwsDfGVwj3hTawYtKu367IeKQCGkz/WUGsmcj1fAJSwi/klSiNjLObBGZR7uzv7FWjjQDhIP6C5xpS1ZA==
